
Microsoft Visual Studio Solution File, Format Version 12.00
# Visual Studio Version 16
VisualStudioVersion = 16.0.31005.135
MinimumVisualStudioVersion = 10.0.40219.1
Project("{FAE04EC0-301F-11D3-BF4B-00C04F79EFBC}") = "DataAccess", "DataAccess\DataAccess.csproj", "{494BF9A2-01B6-4F47-A91F-09A4FA5DD18B}"
EndProject
Project("{FAE04EC0-301F-11D3-BF4B-00C04F79EFBC}") = "Business", "Business\Business.csproj", "{573F559B-8710-4FCD-B6EF-D8C49789B5D8}"
EndProject
Project("{FAE04EC0-301F-11D3-BF4B-00C04F79EFBC}") = "Entities", "Entities\Entities.csproj", "{3E489008-05C6-4134-8167-E473516DE68A}"
EndProject
Project("{FAE04EC0-301F-11D3-BF4B-00C04F79EFBC}") = "ConsoleUI", "ConsoleUI\ConsoleUI.csproj", "{C9BDF57C-B7C3-47FB-8045-24FC6C21C761}"
EndProject
Global
	GlobalSection(SolutionConfigurationPlatforms) = preSolution
		Debug|Any CPU = Debug|Any CPU
		Release|Any CPU = Release|Any CPU
	EndGlobalSection
	GlobalSection(ProjectConfigurationPlatforms) = postSolution
		{494BF9A2-01B6-4F47-A91F-09A4FA5DD18B}.Debug|Any CPU.ActiveCfg = Debug|Any CPU
		{494BF9A2-01B6-4F47-A91F-09A4FA5DD18B}.Debug|Any CPU.Build.0 = Debug|Any CPU
		{494BF9A2-01B6-4F47-A91F-09A4FA5DD18B}.Release|Any CPU.ActiveCfg = Release|Any CPU
		{494BF9A2-01B6-4F47-A91F-09A4FA5DD18B}.Release|Any CPU.Build.0 = Release|Any CPU
		{573F559B-8710-4FCD-B6EF-D8C49789B5D8}.Debug|Any CPU.ActiveCfg = Debug|Any CPU
		{573F559B-8710-4FCD-B6EF-D8C49789B5D8}.Debug|Any CPU.Build.0 = Debug|Any CPU
		{573F559B-8710-4FCD-B6EF-D8C49789B5D8}.Release|Any CPU.ActiveCfg = Release|Any CPU
		{573F559B-8710-4FCD-B6EF-D8C49789B5D8}.Release|Any CPU.Build.0 = Release|Any CPU
		{3E489008-05C6-4134-8167-E473516DE68A}.Debug|Any CPU.ActiveCfg = Debug|Any CPU
		{3E489008-05C6-4134-8167-E473516DE68A}.Debug|Any CPU.Build.0 = Debug|Any CPU
		{3E489008-05C6-4134-8167-E473516DE68A}.Release|Any CPU.ActiveCfg = Release|Any CPU
		{3E489008-05C6-4134-8167-E473516DE68A}.Release|Any CPU.Build.0 = Release|Any CPU
		{C9BDF57C-B7C3-47FB-8045-24FC6C21C761}.Debug|Any CPU.ActiveCfg = Debug|Any CPU
		{C9BDF57C-B7C3-47FB-8045-24FC6C21C761}.Debug|Any CPU.Build.0 = Debug|Any CPU
		{C9BDF57C-B7C3-47FB-8045-24FC6C21C761}.Release|Any CPU.ActiveCfg = Release|Any CPU
		{C9BDF57C-B7C3-47FB-8045-24FC6C21C761}.Release|Any CPU.Build.0 = Release|Any CPU
	EndGlobalSection
	GlobalSection(SolutionProperties) = preSolution
		HideSolutionNode = FALSE
	EndGlobalSection
	GlobalSection(ExtensibilityGlobals) = postSolution
		SolutionGuid = {933B66CC-055E-4577-8C77-D0D868DB4E34}
	EndGlobalSection
EndGlobal
